{
  "name": "@anirudha_patil/repo-color-utility-package",
  "version": "1.0.0",
  "lockfileVersion": 2,
  "requires": true,
  "packages": {
    "": {
      "name": "@anirudha_patil/repo-color-utility-package",
      "version": "1.0.0",
      "license": "MIT",
      "dependencies": {
        "@anirudha_patil/repo-color-utility-package": "^1.0.0"
      }
    },
    "node_modules/@anirudha_patil/repo-color-utility-package": {
      "version": "1.0.0",
      "resolved": "https://registry.npmjs.org/@anirudha_patil/repo-color-utility-package/-/repo-color-utility-package-1.0.0.tgz",
      "integrity": "sha512-RDM+QYVXZ0mxodzORIqjFxvRskoYjLIaZsgm9/5bIv2h7Ln6pb10buFOv/lBX2DziUC4ESEXaTgHdvQtzUCqGA=="
    }
  },
  "dependencies": {
    "@anirudha_patil/repo-color-utility-package": {
      "version": "1.0.0",
      "resolved": "https://registry.npmjs.org/@anirudha_patil/repo-color-utility-package/-/repo-color-utility-package-1.0.0.tgz",
      "integrity": "sha512-RDM+QYVXZ0mxodzORIqjFxvRskoYjLIaZsgm9/5bIv2h7Ln6pb10buFOv/lBX2DziUC4ESEXaTgHdvQtzUCqGA=="
    }
  }
}
